<?xml version="1.0" encoding="utf-8"?>
<Project ToolsVersion="4.0" xmlns="http://schemas.microsoft.com/developer/msbuild/2003">
  <ItemGroup>
    <ClCompile Include="Main.cpp" />
  </ItemGroup>
  <ItemGroup>
    <ClInclude Include="Include.hpp" />
    <ClInclude Include="Renderer.hpp" />
    <ClInclude Include="Threads.hpp" />
    <ClInclude Include="GameManager.hpp" />
    <ClInclude Include="Globals.hpp" />
    <ClInclude Include="Util.hpp" />
    <ClInclude Include="Game.hpp" />
  </ItemGroup>
</Project>